github.com/fumiama/go-docx v0.0.0-20250506085032-0c30fd09304b h1:/mxSugRc4SgN7XgBtT19dAJ7cAXLTbPmlJLJE4JjRkE=
github.com/fumiama/go-docx v0.0.0-20250506085032-0c30fd09304b/go.mod h1:ssRF0IaB1hCcKIObp3FkZOsjTcAHpgii70JelNb4H8M=
github.com/fumiama/imgsz v0.0.2 h1:fAkC0FnIscdKOXwAxlyw3EUba5NzxZdSxGaq3Uyfxak=
github.com/fumiama/imgsz v0.0.2/go.mod h1:dR71mI3I2O5u6+PCpd47M9TZptzP+39tRBcbdIkoqM4=
